// !$*UTF8*$!
{
	archiveVersion = 1;
	classes = {
	};
	objectVersion = 46;
	objects = {

/* Begin PBXBuildFile section */
		030706D2130FCAD3009E6B08 /* AllClasses.m in Sources */ = {isa = PBXBuildFile; fileRef = 030706D1130FCAD2009E6B08 /* AllClasses.m */; };
		030F16CA12DFA4CC000180B1 /* ClassDisplay.m in Sources */ = {isa = PBXBuildFile; fileRef = 030F16C912DFA4CB000180B1 /* ClassDisplay.m */; };
		0315C0320E47AB9F00DFB2F3 /* Keywords.plist in Resources */ = {isa = PBXBuildFile; fileRef = 0315C0310E47AB9F00DFB2F3 /* Keywords.plist */; };
		0315C2780E47D3A200DFB2F3 /* Defaults.plist in Resources */ = {isa = PBXBuildFile; fileRef = 0315C2770E47D3A200DFB2F3 /* Defaults.plist */; };
		033148A3131157A200695BB1 /* BrowserNode.m in Sources */ = {isa = PBXBuildFile; fileRef = 033148A2131157A200695BB1 /* BrowserNode.m */; };
		03314FCD131251A500695BB1 /* BrowserCell.m in Sources */ = {isa = PBXBuildFile; fileRef = 03314FCC131251A500695BB1 /* BrowserCell.m */; };
		0333858A131D9738002654D3 /* RuntimeBrowser.icns in Resources */ = {isa = PBXBuildFile; fileRef = 03338589131D9738002654D3 /* RuntimeBrowser.icns */; };
		033878E713070ABF003AF5CE /* RuntimeBrowser.nib in Resources */ = {isa = PBXBuildFile; fileRef = 033878E513070ABF003AF5CE /* RuntimeBrowser.nib */; };
		03561DB40E4BA18A002FEBCD /* Credits.html in Resources */ = {isa = PBXBuildFile; fileRef = 03561DB30E4BA18A002FEBCD /* Credits.html */; };
		0379BB80179D0B4000F4B8BF /* NSString+SyntaxColoring.m in Sources */ = {isa = PBXBuildFile; fileRef = 0379BB7F179D0B4000F4B8BF /* NSString+SyntaxColoring.m */; };
		0379BB86179D0BD200F4B8BF /* NSMutableAttributedString+RTB.m in Sources */ = {isa = PBXBuildFile; fileRef = 0379BB85179D0BD200F4B8BF /* NSMutableAttributedString+RTB.m */; };
		037EDADC1307102300298C79 /* ClassStub.m in Sources */ = {isa = PBXBuildFile; fileRef = 037EDADB1307102300298C79 /* ClassStub.m */; };
		06045D77191F999500034A3F /* CoreFoundation.framework in Frameworks */ = {isa = PBXBuildFile; fileRef = 06045D25191F956C00034A3F /* CoreFoundation.framework */; };
		06655AC4191F9F4A00F9BC40 /* AppKit.framework in Frameworks */ = {isa = PBXBuildFile; fileRef = 06655AC3191F9F4A00F9BC40 /* AppKit.framework */; };
		06655AC6191F9F4E00F9BC40 /* Foundation.framework in Frameworks */ = {isa = PBXBuildFile; fileRef = 06655AC5191F9F4E00F9BC40 /* Foundation.framework */; };
		06655AC7191F9F5300F9BC40 /* Cocoa.framework in Frameworks */ = {isa = PBXBuildFile; fileRef = 06045D46191F992700034A3F /* Cocoa.framework */; };
		06655AC8191F9FE300F9BC40 /* RuntimeBrowserPlugin.m in Sources */ = {isa = PBXBuildFile; fileRef = 06045D39191F967500034A3F /* RuntimeBrowserPlugin.m */; };
		06924D87191FA031008790DE /* AllClasses.m in Sources */ = {isa = PBXBuildFile; fileRef = 030706D1130FCAD2009E6B08 /* AllClasses.m */; };
		06924D88191FA031008790DE /* ClassStub.m in Sources */ = {isa = PBXBuildFile; fileRef = 037EDADB1307102300298C79 /* ClassStub.m */; };
		06924D89191FA031008790DE /* ClassDisplay.m in Sources */ = {isa = PBXBuildFile; fileRef = 030F16C912DFA4CB000180B1 /* ClassDisplay.m */; };
		06924D8A191FA031008790DE /* NSString+SyntaxColoring.m in Sources */ = {isa = PBXBuildFile; fileRef = 0379BB7F179D0B4000F4B8BF /* NSString+SyntaxColoring.m */; };
		06924D8B191FA031008790DE /* NSMutableAttributedString+RTB.m in Sources */ = {isa = PBXBuildFile; fileRef = 0379BB85179D0BD200F4B8BF /* NSMutableAttributedString+RTB.m */; };
		06924D8C191FA031008790DE /* BrowserNode.m in Sources */ = {isa = PBXBuildFile; fileRef = 033148A2131157A200695BB1 /* BrowserNode.m */; };
		06924D8D191FA031008790DE /* BrowserCell.m in Sources */ = {isa = PBXBuildFile; fileRef = 03314FCC131251A500695BB1 /* BrowserCell.m */; };
		06924D8E191FA031008790DE /* AppController.m in Sources */ = {isa = PBXBuildFile; fileRef = B73648730E3FCD710053523F /* AppController.m */; };
		06924D8F191FA03C008790DE /* class.tiff in Resources */ = {isa = PBXBuildFile; fileRef = 5F3E071713127B04001D2A1C /* class.tiff */; };
		06924D90191FA03C008790DE /* class2.tiff in Resources */ = {isa = PBXBuildFile; fileRef = 5F3E071813127B04001D2A1C /* class2.tiff */; };
		06924D91191FA03C008790DE /* framework.tiff in Resources */ = {isa = PBXBuildFile; fileRef = 5F3E071913127B04001D2A1C /* framework.tiff */; };
		06924D92191FA03C008790DE /* h.tiff in Resources */ = {isa = PBXBuildFile; fileRef = 5F3E071A13127B04001D2A1C /* h.tiff */; };
		06924D93191FA03C008790DE /* RuntimeBrowser.nib in Resources */ = {isa = PBXBuildFile; fileRef = 033878E513070ABF003AF5CE /* RuntimeBrowser.nib */; };
		06924D94191FA03C008790DE /* Credits.html in Resources */ = {isa = PBXBuildFile; fileRef = 03561DB30E4BA18A002FEBCD /* Credits.html */; };
		06924D95191FA03C008790DE /* RuntimeBrowser.icns in Resources */ = {isa = PBXBuildFile; fileRef = 03338589131D9738002654D3 /* RuntimeBrowser.icns */; };
		06924D97191FA03C008790DE /* Keywords.plist in Resources */ = {isa = PBXBuildFile; fileRef = 0315C0310E47AB9F00DFB2F3 /* Keywords.plist */; };
		06924D98191FA03C008790DE /* Defaults.plist in Resources */ = {isa = PBXBuildFile; fileRef = 0315C2770E47D3A200DFB2F3 /* Defaults.plist */; };
		5F3E071B13127B04001D2A1C /* class.tiff in Resources */ = {isa = PBXBuildFile; fileRef = 5F3E071713127B04001D2A1C /* class.tiff */; };
		5F3E071C13127B04001D2A1C /* class2.tiff in Resources */ = {isa = PBXBuildFile; fileRef = 5F3E071813127B04001D2A1C /* class2.tiff */; };
		5F3E071D13127B04001D2A1C /* framework.tiff in Resources */ = {isa = PBXBuildFile; fileRef = 5F3E071913127B04001D2A1C /* framework.tiff */; };
		5F3E071E13127B04001D2A1C /* h.tiff in Resources */ = {isa = PBXBuildFile; fileRef = 5F3E071A13127B04001D2A1C /* h.tiff */; };
		8D11072D0486CEB800E47090 /* main.m in Sources */ = {isa = PBXBuildFile; fileRef = 29B97316FDCFA39411CA2CEA /* main.m */; settings = {ATTRIBUTES = (); }; };
		8D11072F0486CEB800E47090 /* Cocoa.framework in Frameworks */ = {isa = PBXBuildFile; fileRef = 1058C7A1FEA54F0111CA2CBB /* Cocoa.framework */; };
		B736487D0E3FCD710053523F /* AppController.m in Sources */ = {isa = PBXBuildFile; fileRef = B73648730E3FCD710053523F /* AppController.m */; };
/* End PBXBuildFile section */

/* Begin PBXFileReference section */
		030706D0130FCAD2009E6B08 /* AllClasses.h */ = {isa = PBXFileReference; fileEncoding = 4; lastKnownFileType = sourcecode.c.h; path = AllClasses.h; sourceTree = "<group>"; };
		030706D1130FCAD2009E6B08 /* AllClasses.m */ = {isa = PBXFileReference; fileEncoding = 4; lastKnownFileType = sourcecode.c.objc; path = AllClasses.m; sourceTree = "<group>"; };
		030F16C812DFA4CB000180B1 /* ClassDisplay.h */ = {isa = PBXFileReference; fileEncoding = 4; lastKnownFileType = sourcecode.c.h; path = ClassDisplay.h; sourceTree = "<group>"; };
		030F16C912DFA4CB000180B1 /* ClassDisplay.m */ = {isa = PBXFileReference; fileEncoding = 4; lastKnownFileType = sourcecode.c.objc; path = ClassDisplay.m; sourceTree = "<group>"; };
		0315C0310E47AB9F00DFB2F3 /* Keywords.plist */ = {isa = PBXFileReference; fileEncoding = 4; lastKnownFileType = text.plist.xml; path = Keywords.plist; sourceTree = "<group>"; };
		0315C2770E47D3A200DFB2F3 /* Defaults.plist */ = {isa = PBXFileReference; fileEncoding = 4; lastKnownFileType = text.plist.xml; path = Defaults.plist; sourceTree = "<group>"; };
		033148A1131157A200695BB1 /* BrowserNode.h */ = {isa = PBXFileReference; fileEncoding = 4; lastKnownFileType = sourcecode.c.h; path = BrowserNode.h; sourceTree = "<group>"; };
		033148A2131157A200695BB1 /* BrowserNode.m */ = {isa = PBXFileReference; fileEncoding = 4; lastKnownFileType = sourcecode.c.objc; path = BrowserNode.m; sourceTree = "<group>"; };
		03314FCB131251A500695BB1 /* BrowserCell.h */ = {isa = PBXFileReference; fileEncoding = 4; lastKnownFileType = sourcecode.c.h; path = BrowserCell.h; sourceTree = "<group>"; };
		03314FCC131251A500695BB1 /* BrowserCell.m */ = {isa = PBXFileReference; fileEncoding = 4; lastKnownFileType = sourcecode.c.objc; path = BrowserCell.m; sourceTree = "<group>"; };
		03338589131D9738002654D3 /* RuntimeBrowser.icns */ = {isa = PBXFileReference; lastKnownFileType = image.icns; path = RuntimeBrowser.icns; sourceTree = "<group>"; };
		033878E613070ABF003AF5CE /* English */ = {isa = PBXFileReference; lastKnownFileType = wrapper.nib; name = English; path = English.lproj/RuntimeBrowser.nib; sourceTree = "<group>"; };
		03561DB30E4BA18A002FEBCD /* Credits.html */ = {isa = PBXFileReference; fileEncoding = 4; lastKnownFileType = text.html; path = Credits.html; sourceTree = "<group>"; };
		0379BB7E179D0B4000F4B8BF /* NSString+SyntaxColoring.h */ = {isa = PBXFileReference; fileEncoding = 4; lastKnownFileType = sourcecode.c.h; path = "NSString+SyntaxColoring.h"; sourceTree = "<group>"; };
		0379BB7F179D0B4000F4B8BF /* NSString+SyntaxColoring.m */ = {isa = PBXFileReference; fileEncoding = 4; lastKnownFileType = sourcecode.c.objc; path = "NSString+SyntaxColoring.m"; sourceTree = "<group>"; };
		0379BB84179D0BD200F4B8BF /* NSMutableAttributedString+RTB.h */ = {isa = PBXFileReference; fileEncoding = 4; lastKnownFileType = sourcecode.c.h; path = "NSMutableAttributedString+RTB.h"; sourceTree = "<group>"; };
		0379BB85179D0BD200F4B8BF /* NSMutableAttributedString+RTB.m */ = {isa = PBXFileReference; fileEncoding = 4; lastKnownFileType = sourcecode.c.objc; path = "NSMutableAttributedString+RTB.m"; sourceTree = "<group>"; };
		037EDADA1307102300298C79 /* ClassStub.h */ = {isa = PBXFileReference; fileEncoding = 4; lastKnownFileType = sourcecode.c.h; path = ClassStub.h; sourceTree = "<group>"; };
		037EDADB1307102300298C79 /* ClassStub.m */ = {isa = PBXFileReference; fileEncoding = 4; lastKnownFileType = sourcecode.c.objc; path = ClassStub.m; sourceTree = "<group>"; };
		06045D1F191F956C00034A3F /* QuickLook.framework */ = {isa = PBXFileReference; lastKnownFileType = wrapper.framework; name = QuickLook.framework; path = System/Library/Frameworks/QuickLook.framework; sourceTree = SDKROOT; };
		06045D21191F956C00034A3F /* ApplicationServices.framework */ = {isa = PBXFileReference; lastKnownFileType = wrapper.framework; name = ApplicationServices.framework; path = System/Library/Frameworks/ApplicationServices.framework; sourceTree = SDKROOT; };
		06045D23191F956C00034A3F /* CoreServices.framework */ = {isa = PBXFileReference; lastKnownFileType = wrapper.framework; name = CoreServices.framework; path = System/Library/Frameworks/CoreServices.framework; sourceTree = SDKROOT; };
		06045D25191F956C00034A3F /* CoreFoundation.framework */ = {isa = PBXFileReference; lastKnownFileType = wrapper.framework; name = CoreFoundation.framework; path = System/Library/Frameworks/CoreFoundation.framework; sourceTree = SDKROOT; };
		06045D29191F956C00034A3F /* RuntimeBrowserPlugin-Info.plist */ = {isa = PBXFileReference; lastKnownFileType = text.plist.xml; path = "RuntimeBrowserPlugin-Info.plist"; sourceTree = "<group>"; };
		06045D2B191F956C00034A3F /* en */ = {isa = PBXFileReference; lastKnownFileType = text.plist.strings; name = en; path = en.lproj/InfoPlist.strings; sourceTree = "<group>"; };
		06045D33191F956C00034A3F /* RuntimeBrowserPlugin-Prefix.pch */ = {isa = PBXFileReference; lastKnownFileType = sourcecode.c.h; path = "RuntimeBrowserPlugin-Prefix.pch"; sourceTree = "<group>"; };
		06045D38191F967500034A3F /* RuntimeBrowserPlugin.h */ = {isa = PBXFileReference; fileEncoding = 4; lastKnownFileType = sourcecode.c.h; path = RuntimeBrowserPlugin.h; sourceTree = "<group>"; };
		06045D39191F967500034A3F /* RuntimeBrowserPlugin.m */ = {isa = PBXFileReference; fileEncoding = 4; lastKnownFileType = sourcecode.c.objc; path = RuntimeBrowserPlugin.m; sourceTree = "<group>"; };
		06045D46191F992700034A3F /* Cocoa.framework */ = {isa = PBXFileReference; lastKnownFileType = wrapper.framework; name = Cocoa.framework; path = System/Library/Frameworks/Cocoa.framework; sourceTree = SDKROOT; };
		06045D73191F999500034A3F /* RuntimeBrowserPlugin.xcplugin */ = {isa = PBXFileReference; explicitFileType = wrapper.cfbundle; includeInIndex = 0; path = RuntimeBrowserPlugin.xcplugin; sourceTree = BUILT_PRODUCTS_DIR; };
		06655AC3191F9F4A00F9BC40 /* AppKit.framework */ = {isa = PBXFileReference; lastKnownFileType = wrapper.framework; name = AppKit.framework; path = System/Library/Frameworks/AppKit.framework; sourceTree = SDKROOT; };
		06655AC5191F9F4E00F9BC40 /* Foundation.framework */ = {isa = PBXFileReference; lastKnownFileType = wrapper.framework; name = Foundation.framework; path = System/Library/Frameworks/Foundation.framework; sourceTree = SDKROOT; };
		089C165DFE840E0CC02AAC07 /* English */ = {isa = PBXFileReference; fileEncoding = 10; lastKnownFileType = text.plist.strings; name = English; path = English.lproj/InfoPlist.strings; sourceTree = "<group>"; };
		1058C7A1FEA54F0111CA2CBB /* Cocoa.framework */ = {isa = PBXFileReference; lastKnownFileType = wrapper.framework; name = Cocoa.framework; path = /System/Library/Frameworks/Cocoa.framework; sourceTree = "<absolute>"; };
		29B97316FDCFA39411CA2CEA /* main.m */ = {isa = PBXFileReference; fileEncoding = 4; lastKnownFileType = sourcecode.c.objc; path = main.m; sourceTree = "<group>"; };
		29B97324FDCFA39411CA2CEA /* AppKit.framework */ = {isa = PBXFileReference; lastKnownFileType = wrapper.framework; name = AppKit.framework; path = /System/Library/Frameworks/AppKit.framework; sourceTree = "<absolute>"; };
		29B97325FDCFA39411CA2CEA /* Foundation.framework */ = {isa = PBXFileReference; lastKnownFileType = wrapper.framework; name = Foundation.framework; path = /System/Library/Frameworks/Foundation.framework; sourceTree = "<absolute>"; };
		32CA4F630368D1EE00C91783 /* RuntimeBrowser_Prefix.pch */ = {isa = PBXFileReference; fileEncoding = 4; lastKnownFileType = sourcecode.c.h; path = RuntimeBrowser_Prefix.pch; sourceTree = "<group>"; };
		5F3E071713127B04001D2A1C /* class.tiff */ = {isa = PBXFileReference; lastKnownFileType = image.tiff; path = class.tiff; sourceTree = "<group>"; };
		5F3E071813127B04001D2A1C /* class2.tiff */ = {isa = PBXFileReference; lastKnownFileType = image.tiff; path = class2.tiff; sourceTree = "<group>"; };
		5F3E071913127B04001D2A1C /* framework.tiff */ = {isa = PBXFileReference; lastKnownFileType = image.tiff; path = framework.tiff; sourceTree = "<group>"; };
		5F3E071A13127B04001D2A1C /* h.tiff */ = {isa = PBXFileReference; lastKnownFileType = image.tiff; path = h.tiff; sourceTree = "<group>"; };
		8D1107310486CEB800E47090 /* Info.plist */ = {isa = PBXFileReference; fileEncoding = 4; lastKnownFileType = text.plist; path = Info.plist; sourceTree = "<group>"; };
		8D1107320486CEB800E47090 /* RuntimeBrowser.app */ = {isa = PBXFileReference; explicitFileType = wrapper.application; includeInIndex = 0; path = RuntimeBrowser.app; sourceTree = BUILT_PRODUCTS_DIR; };
		B73648720E3FCD710053523F /* AppController.h */ = {isa = PBXFileReference; fileEncoding = 30; lastKnownFileType = sourcecode.c.h; path = AppController.h; sourceTree = "<group>"; };
		B73648730E3FCD710053523F /* AppController.m */ = {isa = PBXFileReference; fileEncoding = 30; lastKnownFileType = sourcecode.c.objc; path = AppController.m; sourceTree = "<group>"; };
/* End PBXFileReference section */

/* Begin PBXFrameworksBuildPhase section */
		06045D6E191F999500034A3F /* Frameworks */ = {
			isa = PBXFrameworksBuildPhase;
			buildActionMask = 2147483647;
			files = (
				06655AC7191F9F5300F9BC40 /* Cocoa.framework in Frameworks */,
				06655AC6191F9F4E00F9BC40 /* Foundation.framework in Frameworks */,
				06655AC4191F9F4A00F9BC40 /* AppKit.framework in Frameworks */,
				06045D77191F999500034A3F /* CoreFoundation.framework in Frameworks */,
			);
			runOnlyForDeploymentPostprocessing = 0;
		};
		8D11072E0486CEB800E47090 /* Frameworks */ = {
			isa = PBXFrameworksBuildPhase;
			buildActionMask = 2147483647;
			files = (
				8D11072F0486CEB800E47090 /* Cocoa.framework in Frameworks */,
			);
			runOnlyForDeploymentPostprocessing = 0;
		};
/* End PBXFrameworksBuildPhase section */

/* Begin PBXGroup section */
		030F150A12DEE5D8000180B1 /* Model */ = {
			isa = PBXGroup;
			children = (
				030706D0130FCAD2009E6B08 /* AllClasses.h */,
				030706D1130FCAD2009E6B08 /* AllClasses.m */,
				037EDADA1307102300298C79 /* ClassStub.h */,
				037EDADB1307102300298C79 /* ClassStub.m */,
				030F16C812DFA4CB000180B1 /* ClassDisplay.h */,
				030F16C912DFA4CB000180B1 /* ClassDisplay.m */,
			);
			name = Model;
			path = ../model;
			sourceTree = SOURCE_ROOT;
		};
		0379BB7D179D0B4000F4B8BF /* UI */ = {
			isa = PBXGroup;
			children = (
				0379BB7E179D0B4000F4B8BF /* NSString+SyntaxColoring.h */,
				0379BB7F179D0B4000F4B8BF /* NSString+SyntaxColoring.m */,
				0379BB84179D0BD200F4B8BF /* NSMutableAttributedString+RTB.h */,
				0379BB85179D0BD200F4B8BF /* NSMutableAttributedString+RTB.m */,
			);
			name = UI;
			path = ../UI;
			sourceTree = "<group>";
		};
		06045D27191F956C00034A3F /* RuntimeBrowserPlugin */ = {
			isa = PBXGroup;
			children = (
				06045D38191F967500034A3F /* RuntimeBrowserPlugin.h */,
				06045D39191F967500034A3F /* RuntimeBrowserPlugin.m */,
				06045D28191F956C00034A3F /* Supporting Files */,
			);
			path = RuntimeBrowserPlugin;
			sourceTree = "<group>";
		};
		06045D28191F956C00034A3F /* Supporting Files */ = {
			isa = PBXGroup;
			children = (
				06045D29191F956C00034A3F /* RuntimeBrowserPlugin-Info.plist */,
				06045D2A191F956C00034A3F /* InfoPlist.strings */,
				06045D33191F956C00034A3F /* RuntimeBrowserPlugin-Prefix.pch */,
			);
			name = "Supporting Files";
			sourceTree = "<group>";
		};
		080E96DDFE201D6D7F000001 /* Classes */ = {
			isa = PBXGroup;
			children = (
				033148A1131157A200695BB1 /* BrowserNode.h */,
				033148A2131157A200695BB1 /* BrowserNode.m */,
				03314FCB131251A500695BB1 /* BrowserCell.h */,
				03314FCC131251A500695BB1 /* BrowserCell.m */,
				B73648720E3FCD710053523F /* AppController.h */,
				B73648730E3FCD710053523F /* AppController.m */,
			);
			name = Classes;
			sourceTree = "<group>";
		};
		1058C7A0FEA54F0111CA2CBB /* Linked Frameworks */ = {
			isa = PBXGroup;
			children = (
				1058C7A1FEA54F0111CA2CBB /* Cocoa.framework */,
			);
			name = "Linked Frameworks";
			sourceTree = "<group>";
		};
		1058C7A2FEA54F0111CA2CBB /* Other Frameworks */ = {
			isa = PBXGroup;
			children = (
				29B97324FDCFA39411CA2CEA /* AppKit.framework */,
				29B97325FDCFA39411CA2CEA /* Foundation.framework */,
			);
			name = "Other Frameworks";
			sourceTree = "<group>";
		};
		19C28FACFE9D520D11CA2CBB /* Products */ = {
			isa = PBXGroup;
			children = (
				8D1107320486CEB800E47090 /* RuntimeBrowser.app */,
				06045D73191F999500034A3F /* RuntimeBrowserPlugin.xcplugin */,
			);
			name = Products;
			sourceTree = "<group>";
		};
		29B97314FDCFA39411CA2CEA /* RuntimeBrowser */ = {
			isa = PBXGroup;
			children = (
				030F150A12DEE5D8000180B1 /* Model */,
				0379BB7D179D0B4000F4B8BF /* UI */,
				080E96DDFE201D6D7F000001 /* Classes */,
				29B97315FDCFA39411CA2CEA /* Other Sources */,
				29B97317FDCFA39411CA2CEA /* Resources */,
				06045D27191F956C00034A3F /* RuntimeBrowserPlugin */,
				29B97323FDCFA39411CA2CEA /* Frameworks */,
				19C28FACFE9D520D11CA2CBB /* Products */,
			);
			name = RuntimeBrowser;
			sourceTree = "<group>";
		};
		29B97315FDCFA39411CA2CEA /* Other Sources */ = {
			isa = PBXGroup;
			children = (
				32CA4F630368D1EE00C91783 /* RuntimeBrowser_Prefix.pch */,
				29B97316FDCFA39411CA2CEA /* main.m */,
			);
			name = "Other Sources";
			sourceTree = "<group>";
		};
		29B97317FDCFA39411CA2CEA /* Resources */ = {
			isa = PBXGroup;
			children = (
				5F3E071713127B04001D2A1C /* class.tiff */,
				5F3E071813127B04001D2A1C /* class2.tiff */,
				5F3E071913127B04001D2A1C /* framework.tiff */,
				5F3E071A13127B04001D2A1C /* h.tiff */,
				033878E513070ABF003AF5CE /* RuntimeBrowser.nib */,
				03561DB30E4BA18A002FEBCD /* Credits.html */,
				03338589131D9738002654D3 /* RuntimeBrowser.icns */,
				8D1107310486CEB800E47090 /* Info.plist */,
				089C165CFE840E0CC02AAC07 /* InfoPlist.strings */,
				0315C0310E47AB9F00DFB2F3 /* Keywords.plist */,
				0315C2770E47D3A200DFB2F3 /* Defaults.plist */,
			);
			name = Resources;
			sourceTree = "<group>";
		};
		29B97323FDCFA39411CA2CEA /* Frameworks */ = {
			isa = PBXGroup;
			children = (
				06655AC5191F9F4E00F9BC40 /* Foundation.framework */,
				06655AC3191F9F4A00F9BC40 /* AppKit.framework */,
				06045D46191F992700034A3F /* Cocoa.framework */,
				1058C7A0FEA54F0111CA2CBB /* Linked Frameworks */,
				06045D1F191F956C00034A3F /* QuickLook.framework */,
				06045D21191F956C00034A3F /* ApplicationServices.framework */,
				06045D23191F956C00034A3F /* CoreServices.framework */,
				06045D25191F956C00034A3F /* CoreFoundation.framework */,
				1058C7A2FEA54F0111CA2CBB /* Other Frameworks */,
			);
			name = Frameworks;
			sourceTree = "<group>";
		};
/* End PBXGroup section */

/* Begin PBXNativeTarget section */
		06045D72191F999500034A3F /* RuntimeBrowserPlugin */ = {
			isa = PBXNativeTarget;
			buildConfigurationList = 06045D85191F999500034A3F /* Build configuration list for PBXNativeTarget "RuntimeBrowserPlugin" */;
			buildPhases = (
				06045D6D191F999500034A3F /* Sources */,
				06045D6E191F999500034A3F /* Frameworks */,
				06045D70191F999500034A3F /* Resources */,
			);
			buildRules = (
			);
			dependencies = (
			);
			name = RuntimeBrowserPlugin;
			productName = RuntimeBrowserPlugin;
			productReference = 06045D73191F999500034A3F /* RuntimeBrowserPlugin.xcplugin */;
			productType = "com.apple.product-type.bundle";
		};
		8D1107260486CEB800E47090 /* RuntimeBrowser */ = {
			isa = PBXNativeTarget;
			buildConfigurationList = B73648660E3FCD540053523F /* Build configuration list for PBXNativeTarget "RuntimeBrowser" */;
			buildPhases = (
				8D1107290486CEB800E47090 /* Resources */,
				8D11072C0486CEB800E47090 /* Sources */,
				8D11072E0486CEB800E47090 /* Frameworks */,
			);
			buildRules = (
			);
			dependencies = (
			);
			name = RuntimeBrowser;
			productInstallPath = "$(HOME)/Applications";
			productName = RuntimeBrowser;
			productReference = 8D1107320486CEB800E47090 /* RuntimeBrowser.app */;
			productType = "com.apple.product-type.application";
		};
/* End PBXNativeTarget section */

/* Begin PBXProject section */
		29B97313FDCFA39411CA2CEA /* Project object */ = {
			isa = PBXProject;
			attributes = {
				LastUpgradeCheck = 0510;
			};
			buildConfigurationList = B736486A0E3FCD540053523F /* Build configuration list for PBXProject "RuntimeBrowser" */;
			compatibilityVersion = "Xcode 3.2";
			developmentRegion = English;
			hasScannedForEncodings = 1;
			knownRegions = (
				English,
				Japanese,
				French,
				German,
				en,
			);
			mainGroup = 29B97314FDCFA39411CA2CEA /* RuntimeBrowser */;
			projectDirPath = "";
			projectRoot = "";
			targets = (
				8D1107260486CEB800E47090 /* RuntimeBrowser */,
				06045D72191F999500034A3F /* RuntimeBrowserPlugin */,
			);
		};
/* End PBXProject section */

/* Begin PBXResourcesBuildPhase section */
		06045D70191F999500034A3F /* Resources */ = {
			isa = PBXResourcesBuildPhase;
			buildActionMask = 2147483647;
			files = (
				06924D8F191FA03C008790DE /* class.tiff in Resources */,
				06924D90191FA03C008790DE /* class2.tiff in Resources */,
				06924D91191FA03C008790DE /* framework.tiff in Resources */,
				06924D92191FA03C008790DE /* h.tiff in Resources */,
				06924D93191FA03C008790DE /* RuntimeBrowser.nib in Resources */,
				06924D94191FA03C008790DE /* Credits.html in Resources */,
				06924D95191FA03C008790DE /* RuntimeBrowser.icns in Resources */,
				06924D97191FA03C008790DE /* Keywords.plist in Resources */,
				06924D98191FA03C008790DE /* Defaults.plist in Resources */,
			);
			runOnlyForDeploymentPostprocessing = 0;
		};
		8D1107290486CEB800E47090 /* Resources */ = {
			isa = PBXResourcesBuildPhase;
			buildActionMask = 2147483647;
			files = (
				0315C0320E47AB9F00DFB2F3 /* Keywords.plist in Resources */,
				0315C2780E47D3A200DFB2F3 /* Defaults.plist in Resources */,
				03561DB40E4BA18A002FEBCD /* Credits.html in Resources */,
				033878E713070ABF003AF5CE /* RuntimeBrowser.nib in Resources */,
				5F3E071B13127B04001D2A1C /* class.tiff in Resources */,
				5F3E071C13127B04001D2A1C /* class2.tiff in Resources */,
				5F3E071D13127B04001D2A1C /* framework.tiff in Resources */,
				5F3E071E13127B04001D2A1C /* h.tiff in Resources */,
				0333858A131D9738002654D3 /* RuntimeBrowser.icns in Resources */,
			);
			runOnlyForDeploymentPostprocessing = 0;
		};
/* End PBXResourcesBuildPhase section */

/* Begin PBXSourcesBuildPhase section */
		06045D6D191F999500034A3F /* Sources */ = {
			isa = PBXSourcesBuildPhase;
			buildActionMask = 2147483647;
			files = (
				06924D87191FA031008790DE /* AllClasses.m in Sources */,
				06924D88191FA031008790DE /* ClassStub.m in Sources */,
				06924D89191FA031008790DE /* ClassDisplay.m in Sources */,
				06924D8A191FA031008790DE /* NSString+SyntaxColoring.m in Sources */,
				06924D8B191FA031008790DE /* NSMutableAttributedString+RTB.m in Sources */,
				06924D8C191FA031008790DE /* BrowserNode.m in Sources */,
				06924D8D191FA031008790DE /* BrowserCell.m in Sources */,
				06924D8E191FA031008790DE /* AppController.m in Sources */,
				06655AC8191F9FE300F9BC40 /* RuntimeBrowserPlugin.m in Sources */,
			);
			runOnlyForDeploymentPostprocessing = 0;
		};
		8D11072C0486CEB800E47090 /* Sources */ = {
			isa = PBXSourcesBuildPhase;
			buildActionMask = 2147483647;
			files = (
				0379BB86179D0BD200F4B8BF /* NSMutableAttributedString+RTB.m in Sources */,
				8D11072D0486CEB800E47090 /* main.m in Sources */,
				B736487D0E3FCD710053523F /* AppController.m in Sources */,
				030F16CA12DFA4CC000180B1 /* ClassDisplay.m in Sources */,
				0379BB80179D0B4000F4B8BF /* NSString+SyntaxColoring.m in Sources */,
				037EDADC1307102300298C79 /* ClassStub.m in Sources */,
				030706D2130FCAD3009E6B08 /* AllClasses.m in Sources */,
				033148A3131157A200695BB1 /* BrowserNode.m in Sources */,
				03314FCD131251A500695BB1 /* BrowserCell.m in Sources */,
			);
			runOnlyForDeploymentPostprocessing = 0;
		};
/* End PBXSourcesBuildPhase section */

/* Begin PBXVariantGroup section */
		033878E513070ABF003AF5CE /* RuntimeBrowser.nib */ = {
			isa = PBXVariantGroup;
			children = (
				033878E613070ABF003AF5CE /* English */,
			);
			name = RuntimeBrowser.nib;
			sourceTree = "<group>";
		};
		06045D2A191F956C00034A3F /* InfoPlist.strings */ = {
			isa = PBXVariantGroup;
			children = (
				06045D2B191F956C00034A3F /* en */,
			);
			name = InfoPlist.strings;
			sourceTree = "<group>";
		};
		089C165CFE840E0CC02AAC07 /* InfoPlist.strings */ = {
			isa = PBXVariantGroup;
			children = (
				089C165DFE840E0CC02AAC07 /* English */,
			);
			name = InfoPlist.strings;
			sourceTree = "<group>";
		};
/* End PBXVariantGroup section */

/* Begin XCBuildConfiguration section */
		06045D86191F999500034A3F /* Debug */ = {
			isa = XCBuildConfiguration;
			buildSettings = {
				ALWAYS_SEARCH_USER_PATHS = NO;
				CLANG_CXX_LANGUAGE_STANDARD = "gnu++0x";
				CLANG_CXX_LIBRARY = "libc++";
				CLANG_ENABLE_MODULES = YES;
				CLANG_ENABLE_OBJC_ARC = YES;
				CLANG_WARN_DIRECT_OBJC_ISA_USAGE = YES_ERROR;
				CLANG_WARN_OBJC_ROOT_CLASS = YES_ERROR;
				COMBINE_HIDPI_IMAGES = YES;
				COPY_PHASE_STRIP = NO;
				DEPLOYMENT_LOCATION = YES;
				DSTROOT = "$(HOME)";
				GCC_C_LANGUAGE_STANDARD = gnu99;
				GCC_DYNAMIC_NO_PIC = NO;
				GCC_ENABLE_OBJC_EXCEPTIONS = YES;
				GCC_OPTIMIZATION_LEVEL = 0;
				GCC_PRECOMPILE_PREFIX_HEADER = YES;
				GCC_PREFIX_HEADER = "RuntimeBrowserPlugin/RuntimeBrowserPlugin-Prefix.pch";
				GCC_PREPROCESSOR_DEFINITIONS = (
					"DEBUG=1",
					"$(inherited)",
				);
				GCC_SYMBOLS_PRIVATE_EXTERN = NO;
				GCC_WARN_ABOUT_RETURN_TYPE = YES_ERROR;
				GCC_WARN_UNINITIALIZED_AUTOS = YES_AGGRESSIVE;
				GCC_WARN_UNUSED_VARIABLE = YES;
				INFOPLIST_FILE = "RuntimeBrowserPlugin/RuntimeBrowserPlugin-Info.plist";
				INSTALL_PATH = "$(LOCAL_LIBRARY_DIR)/Application Support/Developer/Shared/Xcode/Plug-ins";
				MACOSX_DEPLOYMENT_TARGET = 10.9;
				PRODUCT_NAME = "$(TARGET_NAME)";
				WRAPPER_EXTENSION = xcplugin;
			};
			name = Debug;
		};
		06045D87191F999500034A3F /* Debug COVERAGE */ = {
			isa = XCBuildConfiguration;
			buildSettings = {
				ALWAYS_SEARCH_USER_PATHS = NO;
				CLANG_CXX_LANGUAGE_STANDARD = "gnu++0x";
				CLANG_CXX_LIBRARY = "libc++";
				CLANG_ENABLE_MODULES = YES;
				CLANG_ENABLE_OBJC_ARC = YES;
				CLANG_WARN_DIRECT_OBJC_ISA_USAGE = YES_ERROR;
				CLANG_WARN_OBJC_ROOT_CLASS = YES_ERROR;
				COMBINE_HIDPI_IMAGES = YES;
				COPY_PHASE_STRIP = NO;
				DEPLOYMENT_LOCATION = YES;
				DSTROOT = "$(HOME)";
				GCC_C_LANGUAGE_STANDARD = gnu99;
				GCC_DYNAMIC_NO_PIC = NO;
				GCC_ENABLE_OBJC_EXCEPTIONS = YES;
				GCC_OPTIMIZATION_LEVEL = 0;
				GCC_PRECOMPILE_PREFIX_HEADER = YES;
				GCC_PREFIX_HEADER = "RuntimeBrowserPlugin/RuntimeBrowserPlugin-Prefix.pch";
				GCC_PREPROCESSOR_DEFINITIONS = (
					"DEBUG=1",
					"$(inherited)",
				);
				GCC_SYMBOLS_PRIVATE_EXTERN = NO;
				GCC_WARN_ABOUT_RETURN_TYPE = YES_ERROR;
				GCC_WARN_UNINITIALIZED_AUTOS = YES_AGGRESSIVE;
				GCC_WARN_UNUSED_VARIABLE = YES;
				INFOPLIST_FILE = "RuntimeBrowserPlugin/RuntimeBrowserPlugin-Info.plist";
				INSTALL_PATH = "$(LOCAL_LIBRARY_DIR)/Application Support/Developer/Shared/Xcode/Plug-ins";
				MACOSX_DEPLOYMENT_TARGET = 10.9;
				PRODUCT_NAME = "$(TARGET_NAME)";
				WRAPPER_EXTENSION = xcplugin;
			};
			name = "Debug COVERAGE";
		};
		06045D88191F999500034A3F /* Release */ = {
			isa = XCBuildConfiguration;
			buildSettings = {
				ALWAYS_SEARCH_USER_PATHS = NO;
				CLANG_CXX_LANGUAGE_STANDARD = "gnu++0x";
				CLANG_CXX_LIBRARY = "libc++";
				CLANG_ENABLE_MODULES = YES;
				CLANG_ENABLE_OBJC_ARC = YES;
				CLANG_WARN_DIRECT_OBJC_ISA_USAGE = YES_ERROR;
				CLANG_WARN_OBJC_ROOT_CLASS = YES_ERROR;
				COMBINE_HIDPI_IMAGES = YES;
				COPY_PHASE_STRIP = YES;
				DEBUG_INFORMATION_FORMAT = "dwarf-with-dsym";
				DEPLOYMENT_LOCATION = YES;
				DSTROOT = "$(HOME)";
				ENABLE_NS_ASSERTIONS = NO;
				GCC_C_LANGUAGE_STANDARD = gnu99;
				GCC_ENABLE_OBJC_EXCEPTIONS = YES;
				GCC_PRECOMPILE_PREFIX_HEADER = YES;
				GCC_PREFIX_HEADER = "RuntimeBrowserPlugin/RuntimeBrowserPlugin-Prefix.pch";
				GCC_WARN_ABOUT_RETURN_TYPE = YES_ERROR;
				GCC_WARN_UNINITIALIZED_AUTOS = YES_AGGRESSIVE;
				INFOPLIST_FILE = "RuntimeBrowserPlugin/RuntimeBrowserPlugin-Info.plist";
				INSTALL_PATH = "$(LOCAL_LIBRARY_DIR)/Application Support/Developer/Shared/Xcode/Plug-ins";
				MACOSX_DEPLOYMENT_TARGET = 10.9;
				PRODUCT_NAME = "$(TARGET_NAME)";
				WRAPPER_EXTENSION = xcplugin;
			};
			name = Release;
		};
		5FC5A6B81327D86B0097CC0D /* Debug COVERAGE */ = {
			isa = XCBuildConfiguration;
			buildSettings = {
				CLANG_WARN_BOOL_CONVERSION = YES;
				CLANG_WARN_CONSTANT_CONVERSION = YES;
				CLANG_WARN_EMPTY_BODY = YES;
				CLANG_WARN_ENUM_CONVERSION = YES;
				CLANG_WARN_INT_CONVERSION = YES;
				CLANG_WARN__DUPLICATE_METHOD_MATCH = YES;
				GCC_GENERATE_TEST_COVERAGE_FILES = YES;
				GCC_INSTRUMENT_PROGRAM_FLOW_ARCS = YES;
				GCC_VERSION = com.apple.compilers.llvm.clang.1_0;
				GCC_WARN_64_TO_32_BIT_CONVERSION = YES;
				GCC_WARN_UNDECLARED_SELECTOR = YES;
				GCC_WARN_UNINITIALIZED_AUTOS = YES;
				GCC_WARN_UNUSED_FUNCTION = YES;
				MACOSX_DEPLOYMENT_TARGET = 10.4;
				ONLY_ACTIVE_ARCH = YES;
				OTHER_CFLAGS = "-DDEBUG";
				OTHER_LDFLAGS = "-lgcov";
				PREBINDING = NO;
				SDKROOT = macosx;
				WARNING_CFLAGS = (
					"-Wall",
					"-Wunreachable-code",
				);
			};
			name = "Debug COVERAGE";
		};
		5FC5A6B91327D86B0097CC0D /* Debug COVERAGE */ = {
			isa = XCBuildConfiguration;
			buildSettings = {
				CLANG_ENABLE_OBJC_ARC = YES;
				CODE_SIGN_IDENTITY = "";
				COMBINE_HIDPI_IMAGES = YES;
				COPY_PHASE_STRIP = NO;
				GCC_DYNAMIC_NO_PIC = NO;
				GCC_ENABLE_FIX_AND_CONTINUE = YES;
				GCC_GENERATE_DEBUGGING_SYMBOLS = YES;
				GCC_OPTIMIZATION_LEVEL = 0;
				GCC_PRECOMPILE_PREFIX_HEADER = YES;
				GCC_PREFIX_HEADER = RuntimeBrowser_Prefix.pch;
				GCC_VERSION = "";
				GCC_WARN_ABOUT_RETURN_TYPE = YES;
				GCC_WARN_UNDECLARED_SELECTOR = YES;
				GCC_WARN_UNUSED_FUNCTION = YES;
				GCC_WARN_UNUSED_VARIABLE = YES;
				INFOPLIST_FILE = Info.plist;
				INSTALL_PATH = "$(HOME)/Applications";
				MACOSX_DEPLOYMENT_TARGET = 10.6;
				OTHER_LDFLAGS = (
					"-lgcov",
					"-licucore",
				);
				PREBINDING = NO;
				PRODUCT_NAME = RuntimeBrowser;
				PROVISIONING_PROFILE = "";
				SDKROOT = macosx;
				WRAPPER_EXTENSION = app;
				ZERO_LINK = YES;
			};
			name = "Debug COVERAGE";
		};
		B73648670E3FCD540053523F /* Debug */ = {
			isa = XCBuildConfiguration;
			buildSettings = {
				CLANG_ENABLE_OBJC_ARC = YES;
				CODE_SIGN_IDENTITY = "";
				COMBINE_HIDPI_IMAGES = YES;
				COPY_PHASE_STRIP = NO;
				GCC_DYNAMIC_NO_PIC = NO;
				GCC_ENABLE_FIX_AND_CONTINUE = YES;
				GCC_GENERATE_DEBUGGING_SYMBOLS = YES;
				GCC_OPTIMIZATION_LEVEL = 0;
				GCC_PRECOMPILE_PREFIX_HEADER = YES;
				GCC_PREFIX_HEADER = RuntimeBrowser_Prefix.pch;
				GCC_WARN_ABOUT_RETURN_TYPE = YES;
				GCC_WARN_UNDECLARED_SELECTOR = YES;
				GCC_WARN_UNUSED_FUNCTION = YES;
				GCC_WARN_UNUSED_VARIABLE = YES;
				INFOPLIST_FILE = Info.plist;
				INSTALL_PATH = "$(HOME)/Applications";
				MACOSX_DEPLOYMENT_TARGET = 10.6;
				OTHER_LDFLAGS = "-licucore";
				PREBINDING = NO;
				PRODUCT_NAME = RuntimeBrowser;
				PROVISIONING_PROFILE = "";
				SDKROOT = macosx;
				WRAPPER_EXTENSION = app;
				ZERO_LINK = YES;
			};
			name = Debug;
		};
		B73648680E3FCD540053523F /* Release */ = {
			isa = XCBuildConfiguration;
			buildSettings = {
				CLANG_ENABLE_OBJC_ARC = YES;
				CODE_SIGN_IDENTITY = "";
				COMBINE_HIDPI_IMAGES = YES;
				COPY_PHASE_STRIP = YES;
				GCC_ENABLE_FIX_AND_CONTINUE = NO;
				GCC_GENERATE_DEBUGGING_SYMBOLS = NO;
				GCC_PRECOMPILE_PREFIX_HEADER = YES;
				GCC_PREFIX_HEADER = RuntimeBrowser_Prefix.pch;
				GCC_WARN_ABOUT_RETURN_TYPE = YES;
				GCC_WARN_UNUSED_VARIABLE = YES;
				INFOPLIST_FILE = Info.plist;
				INSTALL_PATH = "$(HOME)/Applications";
				MACOSX_DEPLOYMENT_TARGET = 10.6;
				PREBINDING = NO;
				PRODUCT_NAME = RuntimeBrowser;
				PROVISIONING_PROFILE = "";
				SDKROOT = macosx;
				WRAPPER_EXTENSION = app;
				ZERO_LINK = NO;
			};
			name = Release;
		};
		B736486B0E3FCD540053523F /* Debug */ = {
			isa = XCBuildConfiguration;
			buildSettings = {
				CLANG_WARN_BOOL_CONVERSION = YES;
				CLANG_WARN_CONSTANT_CONVERSION = YES;
				CLANG_WARN_EMPTY_BODY = YES;
				CLANG_WARN_ENUM_CONVERSION = YES;
				CLANG_WARN_INT_CONVERSION = YES;
				CLANG_WARN__DUPLICATE_METHOD_MATCH = YES;
				GCC_VERSION = com.apple.compilers.llvm.clang.1_0;
				GCC_WARN_64_TO_32_BIT_CONVERSION = YES;
				GCC_WARN_UNDECLARED_SELECTOR = YES;
				GCC_WARN_UNINITIALIZED_AUTOS = YES;
				GCC_WARN_UNUSED_FUNCTION = YES;
				MACOSX_DEPLOYMENT_TARGET = 10.4;
				ONLY_ACTIVE_ARCH = YES;
				OTHER_CFLAGS = "-DDEBUG";
				PREBINDING = NO;
				SDKROOT = macosx;
				WARNING_CFLAGS = (
					"-Wall",
					"-Wunreachable-code",
				);
			};
			name = Debug;
		};
		B736486C0E3FCD540053523F /* Release */ = {
			isa = XCBuildConfiguration;
			buildSettings = {
				CLANG_WARN_BOOL_CONVERSION = YES;
				CLANG_WARN_CONSTANT_CONVERSION = YES;
				CLANG_WARN_EMPTY_BODY = YES;
				CLANG_WARN_ENUM_CONVERSION = YES;
				CLANG_WARN_INT_CONVERSION = YES;
				CLANG_WARN__DUPLICATE_METHOD_MATCH = YES;
				GCC_C_LANGUAGE_STANDARD = c99;
				GCC_WARN_64_TO_32_BIT_CONVERSION = YES;
				GCC_WARN_ABOUT_RETURN_TYPE = YES;
				GCC_WARN_UNDECLARED_SELECTOR = YES;
				GCC_WARN_UNINITIALIZED_AUTOS = YES;
				GCC_WARN_UNUSED_FUNCTION = YES;
				GCC_WARN_UNUSED_VARIABLE = YES;
				MACOSX_DEPLOYMENT_TARGET = 10.4;
				PREBINDING = NO;
				SDKROOT = macosx;
				WARNING_CFLAGS = (
					"-Wall",
					"-Wunreachable-code",
				);
			};
			name = Release;
		};
/* End XCBuildConfiguration section */

/* Begin XCConfigurationList section */
		06045D85191F999500034A3F /* Build configuration list for PBXNativeTarget "RuntimeBrowserPlugin" */ = {
			isa = XCConfigurationList;
			buildConfigurations = (
				06045D86191F999500034A3F /* Debug */,
				06045D87191F999500034A3F /* Debug COVERAGE */,
				06045D88191F999500034A3F /* Release */,
			);
			defaultConfigurationIsVisible = 0;
			defaultConfigurationName = Debug;
		};
		B73648660E3FCD540053523F /* Build configuration list for PBXNativeTarget "RuntimeBrowser" */ = {
			isa = XCConfigurationList;
			buildConfigurations = (
				B73648670E3FCD540053523F /* Debug */,
				5FC5A6B91327D86B0097CC0D /* Debug COVERAGE */,
				B73648680E3FCD540053523F /* Release */,
			);
			defaultConfigurationIsVisible = 0;
			defaultConfigurationName = Debug;
		};
		B736486A0E3FCD540053523F /* Build configuration list for PBXProject "RuntimeBrowser" */ = {
			isa = XCConfigurationList;
			buildConfigurations = (
				B736486B0E3FCD540053523F /* Debug */,
				5FC5A6B81327D86B0097CC0D /* Debug COVERAGE */,
				B736486C0E3FCD540053523F /* Release */,
			);
			defaultConfigurationIsVisible = 0;
			defaultConfigurationName = Debug;
		};
/* End XCConfigurationList section */
	};
	rootObject = 29B97313FDCFA39411CA2CEA /* Project object */;
}
